// !$*UTF8*$!
{
	archiveVersion = 1;
	classes = {
	};
	objectVersion = 77;
	objects = {

/* Begin PBXBuildFile section */
		B5AC880B2D54024C005649A9 /* Auth in Frameworks */ = {isa = PBXBuildFile; productRef = B5AC880A2D54024C005649A9 /* Auth */; };
		B5AC880D2D54024C005649A9 /* Functions in Frameworks */ = {isa = PBXBuildFile; productRef = B5AC880C2D54024C005649A9 /* Functions */; };
		B5AC880F2D54024C005649A9 /* PostgREST in Frameworks */ = {isa = PBXBuildFile; productRef = B5AC880E2D54024C005649A9 /* PostgREST */; };
		B5AC88112D54024C005649A9 /* Realtime in Frameworks */ = {isa = PBXBuildFile; productRef = B5AC88102D54024C005649A9 /* Realtime */; };
		B5AC88132D54024C005649A9 /* Storage in Frameworks */ = {isa = PBXBuildFile; productRef = B5AC88122D54024C005649A9 /* Storage */; };
		B5AC88152D54024C005649A9 /* Supabase in Frameworks */ = {isa = PBXBuildFile; productRef = B5AC88142D54024C005649A9 /* Supabase */; };
/* End PBXBuildFile section */

/* Begin PBXContainerItemProxy section */
		B5AC87ED2D5401FE005649A9 /* PBXContainerItemProxy */ = {
			isa = PBXContainerItemProxy;
			containerPortal = B5AC87D42D5401FC005649A9 /* Project object */;
			proxyType = 1;
			remoteGlobalIDString = B5AC87DB2D5401FC005649A9;
			remoteInfo = "Athlinix-iOS";
		};
		B5AC87F72D5401FE005649A9 /* PBXContainerItemProxy */ = {
			isa = PBXContainerItemProxy;
			containerPortal = B5AC87D42D5401FC005649A9 /* Project object */;
			proxyType = 1;
			remoteGlobalIDString = B5AC87DB2D5401FC005649A9;
			remoteInfo = "Athlinix-iOS";
		};
/* End PBXContainerItemProxy section */

/* Begin PBXFileReference section */
		B5AC87DC2D5401FC005649A9 /* Athlinix-iOS.app */ = {isa = PBXFileReference; explicitFileType = wrapper.application; includeInIndex = 0; path = "Athlinix-iOS.app"; sourceTree = BUILT_PRODUCTS_DIR; };
		B5AC87EC2D5401FE005649A9 /* Athlinix-iOSTests.xctest */ = {isa = PBXFileReference; explicitFileType = wrapper.cfbundle; includeInIndex = 0; path = "Athlinix-iOSTests.xctest"; sourceTree = BUILT_PRODUCTS_DIR; };
		B5AC87F62D5401FE005649A9 /* Athlinix-iOSUITests.xctest */ = {isa = PBXFileReference; explicitFileType = wrapper.cfbundle; includeInIndex = 0; path = "Athlinix-iOSUITests.xctest"; sourceTree = BUILT_PRODUCTS_DIR; };
/* End PBXFileReference section */

/* Begin PBXFileSystemSynchronizedRootGroup section */
		B5AC87DE2D5401FC005649A9 /* Athlinix-iOS */ = {
			isa = PBXFileSystemSynchronizedRootGroup;
			path = "Athlinix-iOS";
			sourceTree = "<group>";
		};
		B5AC87EF2D5401FE005649A9 /* Athlinix-iOSTests */ = {
			isa = PBXFileSystemSynchronizedRootGroup;
			path = "Athlinix-iOSTests";
			sourceTree = "<group>";
		};
		B5AC87F92D5401FE005649A9 /* Athlinix-iOSUITests */ = {
			isa = PBXFileSystemSynchronizedRootGroup;
			path = "Athlinix-iOSUITests";
			sourceTree = "<group>";
		};
/* End PBXFileSystemSynchronizedRootGroup section */

/* Begin PBXFrameworksBuildPhase section */
		B5AC87D92D5401FC005649A9 /* Frameworks */ = {
			isa = PBXFrameworksBuildPhase;
			buildActionMask = 2147483647;
			files = (
				B5AC880F2D54024C005649A9 /* PostgREST in Frameworks */,
				B5AC880D2D54024C005649A9 /* Functions in Frameworks */,
				B5AC88152D54024C005649A9 /* Supabase in Frameworks */,
				B5AC880B2D54024C005649A9 /* Auth in Frameworks */,
				B5AC88132D54024C005649A9 /* Storage in Frameworks */,
				B5AC88112D54024C005649A9 /* Realtime in Frameworks */,
			);
			runOnlyForDeploymentPostprocessing = 0;
		};
		B5AC87E92D5401FE005649A9 /* Frameworks */ = {
			isa = PBXFrameworksBuildPhase;
			buildActionMask = 2147483647;
			files = (
			);
			runOnlyForDeploymentPostprocessing = 0;
		};
		B5AC87F32D5401FE005649A9 /* Frameworks */ = {
			isa = PBXFrameworksBuildPhase;
			buildActionMask = 2147483647;
			files = (
			);
			runOnlyForDeploymentPostprocessing = 0;
		};
/* End PBXFrameworksBuildPhase section */

/* Begin PBXGroup section */
		B5AC87D32D5401FC005649A9 = {
			isa = PBXGroup;
			children = (
				B5AC87DE2D5401FC005649A9 /* Athlinix-iOS */,
				B5AC87EF2D5401FE005649A9 /* Athlinix-iOSTests */,
				B5AC87F92D5401FE005649A9 /* Athlinix-iOSUITests */,
				B5AC87DD2D5401FC005649A9 /* Products */,
			);
			sourceTree = "<group>";
		};
		B5AC87DD2D5401FC005649A9 /* Products */ = {
			isa = PBXGroup;
			children = (
				B5AC87DC2D5401FC005649A9 /* Athlinix-iOS.app */,
				B5AC87EC2D5401FE005649A9 /* Athlinix-iOSTests.xctest */,
				B5AC87F62D5401FE005649A9 /* Athlinix-iOSUITests.xctest */,
			);
			name = Products;
			sourceTree = "<group>";
		};
/* End PBXGroup section */

/* Begin PBXNativeTarget section */
		B5AC87DB2D5401FC005649A9 /* Athlinix-iOS */ = {
			isa = PBXNativeTarget;
			buildConfigurationList = B5AC88002D5401FE005649A9 /* Build configuration list for PBXNativeTarget "Athlinix-iOS" */;
			buildPhases = (
				B5AC87D82D5401FC005649A9 /* Sources */,
				B5AC87D92D5401FC005649A9 /* Frameworks */,
				B5AC87DA2D5401FC005649A9 /* Resources */,
			);
			buildRules = (
			);
			dependencies = (
			);
			fileSystemSynchronizedGroups = (
				B5AC87DE2D5401FC005649A9 /* Athlinix-iOS */,
			);
			name = "Athlinix-iOS";
			packageProductDependencies = (
				B5AC880A2D54024C005649A9 /* Auth */,
				B5AC880C2D54024C005649A9 /* Functions */,
				B5AC880E2D54024C005649A9 /* PostgREST */,
				B5AC88102D54024C005649A9 /* Realtime */,
				B5AC88122D54024C005649A9 /* Storage */,
				B5AC88142D54024C005649A9 /* Supabase */,
			);
			productName = "Athlinix-iOS";
			productReference = B5AC87DC2D5401FC005649A9 /* Athlinix-iOS.app */;
			productType = "com.apple.product-type.application";
		};
		B5AC87EB2D5401FE005649A9 /* Athlinix-iOSTests */ = {
			isa = PBXNativeTarget;
			buildConfigurationList = B5AC88032D5401FE005649A9 /* Build configuration list for PBXNativeTarget "Athlinix-iOSTests" */;
			buildPhases = (
				B5AC87E82D5401FE005649A9 /* Sources */,
				B5AC87E92D5401FE005649A9 /* Frameworks */,
				B5AC87EA2D5401FE005649A9 /* Resources */,
			);
			buildRules = (
			);
			dependencies = (
				B5AC87EE2D5401FE005649A9 /* PBXTargetDependency */,
			);
			fileSystemSynchronizedGroups = (
				B5AC87EF2D5401FE005649A9 /* Athlinix-iOSTests */,
			);
			name = "Athlinix-iOSTests";
			packageProductDependencies = (
			);
			productName = "Athlinix-iOSTests";
			productReference = B5AC87EC2D5401FE005649A9 /* Athlinix-iOSTests.xctest */;
			productType = "com.apple.product-type.bundle.unit-test";
		};
		B5AC87F52D5401FE005649A9 /* Athlinix-iOSUITests */ = {
			isa = PBXNativeTarget;
			buildConfigurationList = B5AC88062D5401FE005649A9 /* Build configuration list for PBXNativeTarget "Athlinix-iOSUITests" */;
			buildPhases = (
				B5AC87F22D5401FE005649A9 /* Sources */,
				B5AC87F32D5401FE005649A9 /* Frameworks */,
				B5AC87F42D5401FE005649A9 /* Resources */,
			);
			buildRules = (
			);
			dependencies = (
				B5AC87F82D5401FE005649A9 /* PBXTargetDependency */,
			);
			fileSystemSynchronizedGroups = (
				B5AC87F92D5401FE005649A9 /* Athlinix-iOSUITests */,
			);
			name = "Athlinix-iOSUITests";
			packageProductDependencies = (
			);
			productName = "Athlinix-iOSUITests";
			productReference = B5AC87F62D5401FE005649A9 /* Athlinix-iOSUITests.xctest */;
			productType = "com.apple.product-type.bundle.ui-testing";
		};
/* End PBXNativeTarget section */

/* Begin PBXProject section */
		B5AC87D42D5401FC005649A9 /* Project object */ = {
			isa = PBXProject;
			attributes = {
				BuildIndependentTargetsInParallel = 1;
				LastSwiftUpdateCheck = 1600;
				LastUpgradeCheck = 1600;
				TargetAttributes = {
					B5AC87DB2D5401FC005649A9 = {
						CreatedOnToolsVersion = 16.0;
					};
					B5AC87EB2D5401FE005649A9 = {
						CreatedOnToolsVersion = 16.0;
						TestTargetID = B5AC87DB2D5401FC005649A9;
					};
					B5AC87F52D5401FE005649A9 = {
						CreatedOnToolsVersion = 16.0;
						TestTargetID = B5AC87DB2D5401FC005649A9;
					};
				};
			};
			buildConfigurationList = B5AC87D72D5401FC005649A9 /* Build configuration list for PBXProject "Athlinix-iOS" */;
			developmentRegion = en;
			hasScannedForEncodings = 0;
			knownRegions = (
				en,
				Base,
			);
			mainGroup = B5AC87D32D5401FC005649A9;
			minimizedProjectReferenceProxies = 1;
			packageReferences = (
				B5AC88092D54024C005649A9 /* XCRemoteSwiftPackageReference "supabase-swift" */,
			);
			preferredProjectObjectVersion = 77;
			productRefGroup = B5AC87DD2D5401FC005649A9 /* Products */;
			projectDirPath = "";
			projectRoot = "";
			targets = (
				B5AC87DB2D5401FC005649A9 /* Athlinix-iOS */,
				B5AC87EB2D5401FE005649A9 /* Athlinix-iOSTests */,
				B5AC87F52D5401FE005649A9 /* Athlinix-iOSUITests */,
			);
		};
/* End PBXProject section */

/* Begin PBXResourcesBuildPhase section */
		B5AC87DA2D5401FC005649A9 /* Resources */ = {
			isa = PBXResourcesBuildPhase;
			buildActionMask = 2147483647;
			files = (
			);
			runOnlyForDeploymentPostprocessing = 0;
		};
		B5AC87EA2D5401FE005649A9 /* Resources */ = {
			isa = PBXResourcesBuildPhase;
			buildActionMask = 2147483647;
			files = (
			);
			runOnlyForDeploymentPostprocessing = 0;
		};
		B5AC87F42D5401FE005649A9 /* Resources */ = {
			isa = PBXResourcesBuildPhase;
			buildActionMask = 2147483647;
			files = (
			);
			runOnlyForDeploymentPostprocessing = 0;
		};
/* End PBXResourcesBuildPhase section */

/* Begin PBXSourcesBuildPhase section */
		B5AC87D82D5401FC005649A9 /* Sources */ = {
			isa = PBXSourcesBuildPhase;
			buildActionMask = 2147483647;
			files = (
			);
			runOnlyForDeploymentPostprocessing = 0;
		};
		B5AC87E82D5401FE005649A9 /* Sources */ = {
			isa = PBXSourcesBuildPhase;
			buildActionMask = 2147483647;
			files = (
			);
			runOnlyForDeploymentPostprocessing = 0;
		};
		B5AC87F22D5401FE005649A9 /* Sources */ = {
			isa = PBXSourcesBuildPhase;
			buildActionMask = 2147483647;
			files = (
			);
			runOnlyForDeploymentPostprocessing = 0;
		};
/* End PBXSourcesBuildPhase section */

/* Begin PBXTargetDependency section */
		B5AC87EE2D5401FE005649A9 /* PBXTargetDependency */ = {
			isa = PBXTargetDependency;
			target = B5AC87DB2D5401FC005649A9 /* Athlinix-iOS */;
			targetProxy = B5AC87ED2D5401FE005649A9 /* PBXContainerItemProxy */;
		};
		B5AC87F82D5401FE005649A9 /* PBXTargetDependency */ = {
			isa = PBXTargetDependency;
			target = B5AC87DB2D5401FC005649A9 /* Athlinix-iOS */;
			targetProxy = B5AC87F72D5401FE005649A9 /* PBXContainerItemProxy */;
		};
/* End PBXTargetDependency section */

/* Begin XCBuildConfiguration section */
		B5AC87FE2D5401FE005649A9 /* Debug */ = {
			isa = XCBuildConfiguration;
			buildSettings = {
				ALWAYS_SEARCH_USER_PATHS = NO;
				ASSETCATALOG_COMPILER_GENERATE_SWIFT_ASSET_SYMBOL_EXTENSIONS = YES;
				CLANG_ANALYZER_NONNULL = YES;
				CLANG_ANALYZER_NUMBER_OBJECT_CONVERSION = YES_AGGRESSIVE;
				CLANG_CXX_LANGUAGE_STANDARD = "gnu++20";
				CLANG_ENABLE_MODULES = YES;
				CLANG_ENABLE_OBJC_ARC = YES;
				CLANG_ENABLE_OBJC_WEAK = YES;
				CLANG_WARN_BLOCK_CAPTURE_AUTORELEASING = YES;
				CLANG_WARN_BOOL_CONVERSION = YES;
				CLANG_WARN_COMMA = YES;
				CLANG_WARN_CONSTANT_CONVERSION = YES;
				CLANG_WARN_DEPRECATED_OBJC_IMPLEMENTATIONS = YES;
				CLANG_WARN_DIRECT_OBJC_ISA_USAGE = YES_ERROR;
				CLANG_WARN_DOCUMENTATION_COMMENTS = YES;
				CLANG_WARN_EMPTY_BODY = YES;
				CLANG_WARN_ENUM_CONVERSION = YES;
				CLANG_WARN_INFINITE_RECURSION = YES;
				CLANG_WARN_INT_CONVERSION = YES;
				CLANG_WARN_NON_LITERAL_NULL_CONVERSION = YES;
				CLANG_WARN_OBJC_IMPLICIT_RETAIN_SELF = YES;
				CLANG_WARN_OBJC_LITERAL_CONVERSION = YES;
				CLANG_WARN_OBJC_ROOT_CLASS = YES_ERROR;
				CLANG_WARN_QUOTED_INCLUDE_IN_FRAMEWORK_HEADER = YES;
				CLANG_WARN_RANGE_LOOP_ANALYSIS = YES;
				CLANG_WARN_STRICT_PROTOTYPES = YES;
				CLANG_WARN_SUSPICIOUS_MOVE = YES;
				CLANG_WARN_UNGUARDED_AVAILABILITY = YES_AGGRESSIVE;
				CLANG_WARN_UNREACHABLE_CODE = YES;
				CLANG_WARN__DUPLICATE_METHOD_MATCH = YES;
				COPY_PHASE_STRIP = NO;
				DEBUG_INFORMATION_FORMAT = dwarf;
				ENABLE_STRICT_OBJC_MSGSEND = YES;
				ENABLE_TESTABILITY = YES;
				ENABLE_USER_SCRIPT_SANDBOXING = YES;
				GCC_C_LANGUAGE_STANDARD = gnu17;
				GCC_DYNAMIC_NO_PIC = NO;
				GCC_NO_COMMON_BLOCKS = YES;
				GCC_OPTIMIZATION_LEVEL = 0;
				GCC_PREPROCESSOR_DEFINITIONS = (
					"DEBUG=1",
					"$(inherited)",
				);
				GCC_WARN_64_TO_32_BIT_CONVERSION = YES;
				GCC_WARN_ABOUT_RETURN_TYPE = YES_ERROR;
				GCC_WARN_UNDECLARED_SELECTOR = YES;
				GCC_WARN_UNINITIALIZED_AUTOS = YES_AGGRESSIVE;
				GCC_WARN_UNUSED_FUNCTION = YES;
				GCC_WARN_UNUSED_VARIABLE = YES;
				IPHONEOS_DEPLOYMENT_TARGET = 18.0;
				LOCALIZATION_PREFERS_STRING_CATALOGS = YES;
				MTL_ENABLE_DEBUG_INFO = INCLUDE_SOURCE;
				MTL_FAST_MATH = YES;
				ONLY_ACTIVE_ARCH = YES;
				SDKROOT = iphoneos;
				SWIFT_ACTIVE_COMPILATION_CONDITIONS = "DEBUG $(inherited)";
				SWIFT_OPTIMIZATION_LEVEL = "-Onone";
			};
			name = Debug;
		};
		B5AC87FF2D5401FE005649A9 /* Release */ = {
			isa = XCBuildConfiguration;
			buildSettings = {
				ALWAYS_SEARCH_USER_PATHS = NO;
				ASSETCATALOG_COMPILER_GENERATE_SWIFT_ASSET_SYMBOL_EXTENSIONS = YES;
				CLANG_ANALYZER_NONNULL = YES;
				CLANG_ANALYZER_NUMBER_OBJECT_CONVERSION = YES_AGGRESSIVE;
				CLANG_CXX_LANGUAGE_STANDARD = "gnu++20";
				CLANG_ENABLE_MODULES = YES;
				CLANG_ENABLE_OBJC_ARC = YES;
				CLANG_ENABLE_OBJC_WEAK = YES;
				CLANG_WARN_BLOCK_CAPTURE_AUTORELEASING = YES;
				CLANG_WARN_BOOL_CONVERSION = YES;
				CLANG_WARN_COMMA = YES;
				CLANG_WARN_CONSTANT_CONVERSION = YES;
				CLANG_WARN_DEPRECATED_OBJC_IMPLEMENTATIONS = YES;
				CLANG_WARN_DIRECT_OBJC_ISA_USAGE = YES_ERROR;
				CLANG_WARN_DOCUMENTATION_COMMENTS = YES;
				CLANG_WARN_EMPTY_BODY = YES;
				CLANG_WARN_ENUM_CONVERSION = YES;
				CLANG_WARN_INFINITE_RECURSION = YES;
				CLANG_WARN_INT_CONVERSION = YES;
				CLANG_WARN_NON_LITERAL_NULL_CONVERSION = YES;
				CLANG_WARN_OBJC_IMPLICIT_RETAIN_SELF = YES;
				CLANG_WARN_OBJC_LITERAL_CONVERSION = YES;
				CLANG_WARN_OBJC_ROOT_CLASS = YES_ERROR;
				CLANG_WARN_QUOTED_INCLUDE_IN_FRAMEWORK_HEADER = YES;
				CLANG_WARN_RANGE_LOOP_ANALYSIS = YES;
				CLANG_WARN_STRICT_PROTOTYPES = YES;
				CLANG_WARN_SUSPICIOUS_MOVE = YES;
				CLANG_WARN_UNGUARDED_AVAILABILITY = YES_AGGRESSIVE;
				CLANG_WARN_UNREACHABLE_CODE = YES;
				CLANG_WARN__DUPLICATE_METHOD_MATCH = YES;
				COPY_PHASE_STRIP = NO;
				DEBUG_INFORMATION_FORMAT = "dwarf-with-dsym";
				ENABLE_NS_ASSERTIONS = NO;
				ENABLE_STRICT_OBJC_MSGSEND = YES;
				ENABLE_USER_SCRIPT_SANDBOXING = YES;
				GCC_C_LANGUAGE_STANDARD = gnu17;
				GCC_NO_COMMON_BLOCKS = YES;
				GCC_WARN_64_TO_32_BIT_CONVERSION = YES;
				GCC_WARN_ABOUT_RETURN_TYPE = YES_ERROR;
				GCC_WARN_UNDECLARED_SELECTOR = YES;
				GCC_WARN_UNINITIALIZED_AUTOS = YES_AGGRESSIVE;
				GCC_WARN_UNUSED_FUNCTION = YES;
				GCC_WARN_UNUSED_VARIABLE = YES;
				IPHONEOS_DEPLOYMENT_TARGET = 18.0;
				LOCALIZATION_PREFERS_STRING_CATALOGS = YES;
				MTL_ENABLE_DEBUG_INFO = NO;
				MTL_FAST_MATH = YES;
				SDKROOT = iphoneos;
				SWIFT_COMPILATION_MODE = wholemodule;
				VALIDATE_PRODUCT = YES;
			};
			name = Release;
		};
		B5AC88012D5401FE005649A9 /* Debug */ = {
			isa = XCBuildConfiguration;
			buildSettings = {
				ASSETCATALOG_COMPILER_APPICON_NAME = AppIcon;
				ASSETCATALOG_COMPILER_GLOBAL_ACCENT_COLOR_NAME = AccentColor;
				CODE_SIGN_STYLE = Automatic;
				CURRENT_PROJECT_VERSION = 1;
				DEVELOPMENT_ASSET_PATHS = "\"Athlinix-iOS/Preview Content\"";
				DEVELOPMENT_TEAM = 8WB4263S3N;
				ENABLE_PREVIEWS = YES;
				GENERATE_INFOPLIST_FILE = YES;
				INFOPLIST_KEY_UIApplicationSceneManifest_Generation = YES;
				INFOPLIST_KEY_UIApplicationSupportsIndirectInputEvents = YES;
				INFOPLIST_KEY_UILaunchScreen_Generation = YES;
				INFOPLIST_KEY_UISupportedInterfaceOrientations_iPad = "UIInterfaceOrientationPortrait UIInterfaceOrientationPortraitUpsideDown UIInterfaceOrientationLandscapeLeft UIInterfaceOrientationLandscapeRight";
				INFOPLIST_KEY_UISupportedInterfaceOrientations_iPhone = "UIInterfaceOrientationPortrait UIInterfaceOrientationLandscapeLeft UIInterfaceOrientationLandscapeRight";
				LD_RUNPATH_SEARCH_PATHS = (
					"$(inherited)",
					"@executable_path/Frameworks",
				);
				MARKETING_VERSION = 1.0;
				PRODUCT_BUNDLE_IDENTIFIER = "com.parth.Athlinix-iOS";
				PRODUCT_NAME = "$(TARGET_NAME)";
				SWIFT_EMIT_LOC_STRINGS = YES;
				SWIFT_VERSION = 5.0;
				TARGETED_DEVICE_FAMILY = "1,2";
			};
			name = Debug;
		};
		B5AC88022D5401FE005649A9 /* Release */ = {
			isa = XCBuildConfiguration;
			buildSettings = {
				ASSETCATALOG_COMPILER_APPICON_NAME = AppIcon;
				ASSETCATALOG_COMPILER_GLOBAL_ACCENT_COLOR_NAME = AccentColor;
				CODE_SIGN_STYLE = Automatic;
				CURRENT_PROJECT_VERSION = 1;
				DEVELOPMENT_ASSET_PATHS = "\"Athlinix-iOS/Preview Content\"";
				DEVELOPMENT_TEAM = 8WB4263S3N;
				ENABLE_PREVIEWS = YES;
				GENERATE_INFOPLIST_FILE = YES;
				INFOPLIST_KEY_UIApplicationSceneManifest_Generation = YES;
				INFOPLIST_KEY_UIApplicationSupportsIndirectInputEvents = YES;
				INFOPLIST_KEY_UILaunchScreen_Generation = YES;
				INFOPLIST_KEY_UISupportedInterfaceOrientations_iPad = "UIInterfaceOrientationPortrait UIInterfaceOrientationPortraitUpsideDown UIInterfaceOrientationLandscapeLeft UIInterfaceOrientationLandscapeRight";
				INFOPLIST_KEY_UISupportedInterfaceOrientations_iPhone = "UIInterfaceOrientationPortrait UIInterfaceOrientationLandscapeLeft UIInterfaceOrientationLandscapeRight";
				LD_RUNPATH_SEARCH_PATHS = (
					"$(inherited)",
					"@executable_path/Frameworks",
				);
				MARKETING_VERSION = 1.0;
				PRODUCT_BUNDLE_IDENTIFIER = "com.parth.Athlinix-iOS";
				PRODUCT_NAME = "$(TARGET_NAME)";
				SWIFT_EMIT_LOC_STRINGS = YES;
				SWIFT_VERSION = 5.0;
				TARGETED_DEVICE_FAMILY = "1,2";
			};
			name = Release;
		};
		B5AC88042D5401FE005649A9 /* Debug */ = {
			isa = XCBuildConfiguration;
			buildSettings = {
				BUNDLE_LOADER = "$(TEST_HOST)";
				CODE_SIGN_STYLE = Automatic;
				CURRENT_PROJECT_VERSION = 1;
				DEVELOPMENT_TEAM = 8WB4263S3N;
				GENERATE_INFOPLIST_FILE = YES;
				IPHONEOS_DEPLOYMENT_TARGET = 18.0;
				MARKETING_VERSION = 1.0;
				PRODUCT_BUNDLE_IDENTIFIER = "com.parth.Athlinix-iOSTests";
				PRODUCT_NAME = "$(TARGET_NAME)";
				SWIFT_EMIT_LOC_STRINGS = NO;
				SWIFT_VERSION = 5.0;
				TARGETED_DEVICE_FAMILY = "1,2";
				TEST_HOST = "$(BUILT_PRODUCTS_DIR)/Athlinix-iOS.app/$(BUNDLE_EXECUTABLE_FOLDER_PATH)/Athlinix-iOS";
			};
			name = Debug;
		};
		B5AC88052D5401FE005649A9 /* Release */ = {
			isa = XCBuildConfiguration;
			buildSettings = {
				BUNDLE_LOADER = "$(TEST_HOST)";
				CODE_SIGN_STYLE = Automatic;
				CURRENT_PROJECT_VERSION = 1;
				DEVELOPMENT_TEAM = 8WB4263S3N;
				GENERATE_INFOPLIST_FILE = YES;
				IPHONEOS_DEPLOYMENT_TARGET = 18.0;
				MARKETING_VERSION = 1.0;
				PRODUCT_BUNDLE_IDENTIFIER = "com.parth.Athlinix-iOSTests";
				PRODUCT_NAME = "$(TARGET_NAME)";
				SWIFT_EMIT_LOC_STRINGS = NO;
				SWIFT_VERSION = 5.0;
				TARGETED_DEVICE_FAMILY = "1,2";
				TEST_HOST = "$(BUILT_PRODUCTS_DIR)/Athlinix-iOS.app/$(BUNDLE_EXECUTABLE_FOLDER_PATH)/Athlinix-iOS";
			};
			name = Release;
		};
		B5AC88072D5401FE005649A9 /* Debug */ = {
			isa = XCBuildConfiguration;
			buildSettings = {
				CODE_SIGN_STYLE = Automatic;
				CURRENT_PROJECT_VERSION = 1;
				DEVELOPMENT_TEAM = 8WB4263S3N;
				GENERATE_INFOPLIST_FILE = YES;
				MARKETING_VERSION = 1.0;
				PRODUCT_BUNDLE_IDENTIFIER = "com.parth.Athlinix-iOSUITests";
				PRODUCT_NAME = "$(TARGET_NAME)";
				SWIFT_EMIT_LOC_STRINGS = NO;
				SWIFT_VERSION = 5.0;
				TARGETED_DEVICE_FAMILY = "1,2";
				TEST_TARGET_NAME = "Athlinix-iOS";
			};
			name = Debug;
		};
		B5AC88082D5401FE005649A9 /* Release */ = {
			isa = XCBuildConfiguration;
			buildSettings = {
				CODE_SIGN_STYLE = Automatic;
				CURRENT_PROJECT_VERSION = 1;
				DEVELOPMENT_TEAM = 8WB4263S3N;
				GENERATE_INFOPLIST_FILE = YES;
				MARKETING_VERSION = 1.0;
				PRODUCT_BUNDLE_IDENTIFIER = "com.parth.Athlinix-iOSUITests";
				PRODUCT_NAME = "$(TARGET_NAME)";
				SWIFT_EMIT_LOC_STRINGS = NO;
				SWIFT_VERSION = 5.0;
				TARGETED_DEVICE_FAMILY = "1,2";
				TEST_TARGET_NAME = "Athlinix-iOS";
			};
			name = Release;
		};
/* End XCBuildConfiguration section */

/* Begin XCConfigurationList section */
		B5AC87D72D5401FC005649A9 /* Build configuration list for PBXProject "Athlinix-iOS" */ = {
			isa = XCConfigurationList;
			buildConfigurations = (
				B5AC87FE2D5401FE005649A9 /* Debug */,
				B5AC87FF2D5401FE005649A9 /* Release */,
			);
			defaultConfigurationIsVisible = 0;
			defaultConfigurationName = Release;
		};
		B5AC88002D5401FE005649A9 /* Build configuration list for PBXNativeTarget "Athlinix-iOS" */ = {
			isa = XCConfigurationList;
			buildConfigurations = (
				B5AC88012D5401FE005649A9 /* Debug */,
				B5AC88022D5401FE005649A9 /* Release */,
			);
			defaultConfigurationIsVisible = 0;
			defaultConfigurationName = Release;
		};
		B5AC88032D5401FE005649A9 /* Build configuration list for PBXNativeTarget "Athlinix-iOSTests" */ = {
			isa = XCConfigurationList;
			buildConfigurations = (
				B5AC88042D5401FE005649A9 /* Debug */,
				B5AC88052D5401FE005649A9 /* Release */,
			);
			defaultConfigurationIsVisible = 0;
			defaultConfigurationName = Release;
		};
		B5AC88062D5401FE005649A9 /* Build configuration list for PBXNativeTarget "Athlinix-iOSUITests" */ = {
			isa = XCConfigurationList;
			buildConfigurations = (
				B5AC88072D5401FE005649A9 /* Debug */,
				B5AC88082D5401FE005649A9 /* Release */,
			);
			defaultConfigurationIsVisible = 0;
			defaultConfigurationName = Release;
		};
/* End XCConfigurationList section */

/* Begin XCRemoteSwiftPackageReference section */
		B5AC88092D54024C005649A9 /* XCRemoteSwiftPackageReference "supabase-swift" */ = {
			isa = XCRemoteSwiftPackageReference;
			repositoryURL = "https://github.com/supabase/supabase-swift.git";
			requirement = {
				kind = upToNextMajorVersion;
				minimumVersion = 2.5.1;
			};
		};
/* End XCRemoteSwiftPackageReference section */

/* Begin XCSwiftPackageProductDependency section */
		B5AC880A2D54024C005649A9 /* Auth */ = {
			isa = XCSwiftPackageProductDependency;
			package = B5AC88092D54024C005649A9 /* XCRemoteSwiftPackageReference "supabase-swift" */;
			productName = Auth;
		};
		B5AC880C2D54024C005649A9 /* Functions */ = {
			isa = XCSwiftPackageProductDependency;
			package = B5AC88092D54024C005649A9 /* XCRemoteSwiftPackageReference "supabase-swift" */;
			productName = Functions;
		};
		B5AC880E2D54024C005649A9 /* PostgREST */ = {
			isa = XCSwiftPackageProductDependency;
			package = B5AC88092D54024C005649A9 /* XCRemoteSwiftPackageReference "supabase-swift" */;
			productName = PostgREST;
		};
		B5AC88102D54024C005649A9 /* Realtime */ = {
			isa = XCSwiftPackageProductDependency;
			package = B5AC88092D54024C005649A9 /* XCRemoteSwiftPackageReference "supabase-swift" */;
			productName = Realtime;
		};
		B5AC88122D54024C005649A9 /* Storage */ = {
			isa = XCSwiftPackageProductDependency;
			package = B5AC88092D54024C005649A9 /* XCRemoteSwiftPackageReference "supabase-swift" */;
			productName = Storage;
		};
		B5AC88142D54024C005649A9 /* Supabase */ = {
			isa = XCSwiftPackageProductDependency;
			package = B5AC88092D54024C005649A9 /* XCRemoteSwiftPackageReference "supabase-swift" */;
			productName = Supabase;
		};
/* End XCSwiftPackageProductDependency section */
	};
	rootObject = B5AC87D42D5401FC005649A9 /* Project object */;
}
